
Microsoft Visual Studio Solution File, Format Version 12.00
# Visual Studio 15
VisualStudioVersion = 15.0.26730.12
MinimumVisualStudioVersion = 10.0.40219.1
Project("{FAE04EC0-301F-11D3-BF4B-00C04F79EFBC}") = "api", "api\api.csproj", "{5187BF99-96F8-407E-8540-9B58EAEF97D4}"
EndProject
Project("{FAE04EC0-301F-11D3-BF4B-00C04F79EFBC}") = "api.tests", "api.tests\api.tests.csproj", "{B0EC3849-1F13-4E83-A7F9-8449D4A4C009}"
EndProject
Project("{FAE04EC0-301F-11D3-BF4B-00C04F79EFBC}") = "web", "web\web.csproj", "{813A974E-D6F1-4B96-B6FB-6EE96A564D31}"
EndProject
Global
	GlobalSection(SolutionConfigurationPlatforms) = preSolution
		Debug|Any CPU = Debug|Any CPU
		Release|Any CPU = Release|Any CPU
	EndGlobalSection
	GlobalSection(ProjectConfigurationPlatforms) = postSolution
		{5187BF99-96F8-407E-8540-9B58EAEF97D4}.Debug|Any CPU.ActiveCfg = Debug|Any CPU
		{5187BF99-96F8-407E-8540-9B58EAEF97D4}.Debug|Any CPU.Build.0 = Debug|Any CPU
		{5187BF99-96F8-407E-8540-9B58EAEF97D4}.Release|Any CPU.ActiveCfg = Release|Any CPU
		{5187BF99-96F8-407E-8540-9B58EAEF97D4}.Release|Any CPU.Build.0 = Release|Any CPU
		{B0EC3849-1F13-4E83-A7F9-8449D4A4C009}.Debug|Any CPU.ActiveCfg = Debug|Any CPU
		{B0EC3849-1F13-4E83-A7F9-8449D4A4C009}.Debug|Any CPU.Build.0 = Debug|Any CPU
		{B0EC3849-1F13-4E83-A7F9-8449D4A4C009}.Release|Any CPU.ActiveCfg = Release|Any CPU
		{B0EC3849-1F13-4E83-A7F9-8449D4A4C009}.Release|Any CPU.Build.0 = Release|Any CPU
		{813A974E-D6F1-4B96-B6FB-6EE96A564D31}.Debug|Any CPU.ActiveCfg = Debug|Any CPU
		{813A974E-D6F1-4B96-B6FB-6EE96A564D31}.Debug|Any CPU.Build.0 = Debug|Any CPU
		{813A974E-D6F1-4B96-B6FB-6EE96A564D31}.Release|Any CPU.ActiveCfg = Release|Any CPU
		{813A974E-D6F1-4B96-B6FB-6EE96A564D31}.Release|Any CPU.Build.0 = Release|Any CPU
	EndGlobalSection
	GlobalSection(SolutionProperties) = preSolution
		HideSolutionNode = FALSE
	EndGlobalSection
	GlobalSection(ExtensibilityGlobals) = postSolution
		SolutionGuid = {AF27715D-E42E-4380-9B58-4FC7F58D6899}
	EndGlobalSection
EndGlobal
